{
    "version": 3,
    "terraform_version": "0.11.8",
    "serial": 2,
    "lineage": "9a9e0a4a-9552-0949-30b1-23fe69f52419",
    "modules": [
        {
            "path": [
                "root"
            ],
            "outputs": {},
            "resources": {
                "heroku_addon.db_ci": {
                    "type": "heroku_addon",
                    "depends_on": [
                        "heroku_app.ci"
                    ],
                    "primary": {
                        "id": "78157329-5ca8-4469-8135-9b09395746ea",
                        "attributes": {
                            "app": "hundur-app-ci",
                            "config_vars.#": "1",
                            "config_vars.0": "DATABASE_URL",
                            "id": "78157329-5ca8-4469-8135-9b09395746ea",
                            "name": "postgresql-angular-36998",
                            "plan": "heroku-postgresql:hobby-dev",
                            "provider_id": "15309356"
                        },
                        "meta": {
                            "schema_version": "1"
                        },
                        "tainted": false
                    },
                    "deposed": [],
                    "provider": "provider.heroku"
                },
                "heroku_addon.db_prod": {
                    "type": "heroku_addon",
                    "depends_on": [
                        "heroku_app.production"
                    ],
                    "primary": {
                        "id": "e742fb86-8b19-4789-81b7-b4b0d331ce45",
                        "attributes": {
                            "app": "hundur-app-production",
                            "config_vars.#": "1",
                            "config_vars.0": "DATABASE_URL",
                            "id": "e742fb86-8b19-4789-81b7-b4b0d331ce45",
                            "name": "postgresql-clear-56629",
                            "plan": "heroku-postgresql:hobby-dev",
                            "provider_id": "15309357"
                        },
                        "meta": {
                            "schema_version": "1"
                        },
                        "tainted": false
                    },
                    "deposed": [],
                    "provider": "provider.heroku"
                },
                "heroku_addon.db_stage": {
                    "type": "heroku_addon",
                    "depends_on": [
                        "heroku_app.staging"
                    ],
                    "primary": {
                        "id": "88adccc9-ff7e-4458-859d-7cb6b3e93f01",
                        "attributes": {
                            "app": "hundur-app-staging",
                            "config_vars.#": "1",
                            "config_vars.0": "DATABASE_URL",
                            "id": "88adccc9-ff7e-4458-859d-7cb6b3e93f01",
                            "name": "postgresql-flexible-89091",
                            "plan": "heroku-postgresql:hobby-dev",
                            "provider_id": "15309358"
                        },
                        "meta": {
                            "schema_version": "1"
                        },
                        "tainted": false
                    },
                    "deposed": [],
                    "provider": "provider.heroku"
                },
                "heroku_app.ci": {
                    "type": "heroku_app",
                    "depends_on": [],
                    "primary": {
                        "id": "hundur-app-ci",
                        "attributes": {
                            "acm": "false",
                            "all_config_vars.%": "0",
                            "config_vars.#": "0",
                            "git_url": "https://git.heroku.com/hundur-app-ci.git",
                            "heroku_hostname": "hundur-app-ci.herokuapp.com",
                            "id": "hundur-app-ci",
                            "internal_routing": "false",
                            "name": "hundur-app-ci",
                            "region": "eu",
                            "stack": "heroku-18",
                            "uuid": "a16fe8fc-9cff-45a8-8fcb-d7dd286a44f0",
                            "web_url": "https://hundur-app-ci.herokuapp.com/"
                        },
                        "meta": {},
                        "tainted": false
                    },
                    "deposed": [],
                    "provider": "provider.heroku"
                },
                "heroku_app.production": {
                    "type": "heroku_app",
                    "depends_on": [],
                    "primary": {
                        "id": "hundur-app-production",
                        "attributes": {
                            "acm": "false",
                            "all_config_vars.%": "0",
                            "config_vars.#": "0",
                            "git_url": "https://git.heroku.com/hundur-app-production.git",
                            "heroku_hostname": "hundur-app-production.herokuapp.com",
                            "id": "hundur-app-production",
                            "internal_routing": "false",
                            "name": "hundur-app-production",
                            "region": "eu",
                            "stack": "heroku-18",
                            "uuid": "29592ca5-3e1e-48c1-a29f-a5f3ad755b7d",
                            "web_url": "https://hundur-app-production.herokuapp.com/"
                        },
                        "meta": {},
                        "tainted": false
                    },
                    "deposed": [],
                    "provider": "provider.heroku"
                },
                "heroku_app.staging": {
                    "type": "heroku_app",
                    "depends_on": [],
                    "primary": {
                        "id": "hundur-app-staging",
                        "attributes": {
                            "acm": "false",
                            "all_config_vars.%": "0",
                            "config_vars.#": "0",
                            "git_url": "https://git.heroku.com/hundur-app-staging.git",
                            "heroku_hostname": "hundur-app-staging.herokuapp.com",
                            "id": "hundur-app-staging",
                            "internal_routing": "false",
                            "name": "hundur-app-staging",
                            "region": "eu",
                            "stack": "heroku-18",
                            "uuid": "06f81f0a-2a87-49ef-9e4d-09d1eb0a57db",
                            "web_url": "https://hundur-app-staging.herokuapp.com/"
                        },
                        "meta": {},
                        "tainted": false
                    },
                    "deposed": [],
                    "provider": "provider.heroku"
                },
                "heroku_pipeline.test-app": {
                    "type": "heroku_pipeline",
                    "depends_on": [],
                    "primary": {
                        "id": "5229d312-b082-4d44-9f1e-3dfdb2d37bfe",
                        "attributes": {
                            "id": "5229d312-b082-4d44-9f1e-3dfdb2d37bfe",
                            "name": "hundur-monitoring-demo"
                        },
                        "meta": {},
                        "tainted": false
                    },
                    "deposed": [],
                    "provider": "provider.heroku"
                },
                "heroku_pipeline_coupling.ci": {
                    "type": "heroku_pipeline_coupling",
                    "depends_on": [
                        "heroku_app.ci",
                        "heroku_pipeline.test-app"
                    ],
                    "primary": {
                        "id": "0fa1af0a-0695-4cc5-bc94-cbd488e30548",
                        "attributes": {
                            "app": "hundur-app-ci",
                            "app_id": "a16fe8fc-9cff-45a8-8fcb-d7dd286a44f0",
                            "id": "0fa1af0a-0695-4cc5-bc94-cbd488e30548",
                            "pipeline": "5229d312-b082-4d44-9f1e-3dfdb2d37bfe",
                            "stage": "development"
                        },
                        "meta": {},
                        "tainted": false
                    },
                    "deposed": [],
                    "provider": "provider.heroku"
                },
                "heroku_pipeline_coupling.production": {
                    "type": "heroku_pipeline_coupling",
                    "depends_on": [
                        "heroku_app.production",
                        "heroku_pipeline.test-app"
                    ],
                    "primary": {
                        "id": "26195230-79ba-4d98-8c82-682ae40e3ea1",
                        "attributes": {
                            "app": "hundur-app-production",
                            "app_id": "29592ca5-3e1e-48c1-a29f-a5f3ad755b7d",
                            "id": "26195230-79ba-4d98-8c82-682ae40e3ea1",
                            "pipeline": "5229d312-b082-4d44-9f1e-3dfdb2d37bfe",
                            "stage": "production"
                        },
                        "meta": {},
                        "tainted": false
                    },
                    "deposed": [],
                    "provider": "provider.heroku"
                },
                "heroku_pipeline_coupling.staging": {
                    "type": "heroku_pipeline_coupling",
                    "depends_on": [
                        "heroku_app.staging",
                        "heroku_pipeline.test-app"
                    ],
                    "primary": {
                        "id": "13be2c27-060e-45d1-b525-7046e089f88c",
                        "attributes": {
                            "app": "hundur-app-staging",
                            "app_id": "06f81f0a-2a87-49ef-9e4d-09d1eb0a57db",
                            "id": "13be2c27-060e-45d1-b525-7046e089f88c",
                            "pipeline": "5229d312-b082-4d44-9f1e-3dfdb2d37bfe",
                            "stage": "staging"
                        },
                        "meta": {},
                        "tainted": false
                    },
                    "deposed": [],
                    "provider": "provider.heroku"
                },
                "statuscake_test.ci": {
                    "type": "statuscake_test",
                    "depends_on": [
                        "heroku_app.ci"
                    ],
                    "primary": {
                        "id": "3580801",
                        "attributes": {
                            "check_rate": "300",
                            "confirmations": "0",
                            "contact_id": "0",
                            "custom_header": "",
                            "do_not_find": "false",
                            "final_endpoint": "",
                            "find_string": "",
                            "follow_redirect": "false",
                            "id": "3580801",
                            "logo_image": "",
                            "node_locations.#": "0",
                            "paused": "false",
                            "port": "0",
                            "post_raw": "",
                            "status": "Up",
                            "status_codes": "",
                            "test_id": "3580801",
                            "test_type": "HTTP",
                            "timeout": "40",
                            "trigger_rate": "5",
                            "uptime": "0",
                            "use_jar": "0",
                            "website_name": "hundur-app-ci",
                            "website_url": "https://hundur-app-ci.herokuapp.com/"
                        },
                        "meta": {},
                        "tainted": false
                    },
                    "deposed": [],
                    "provider": "provider.statuscake"
                },
                "statuscake_test.production": {
                    "type": "statuscake_test",
                    "depends_on": [
                        "heroku_app.production"
                    ],
                    "primary": {
                        "id": "3580802",
                        "attributes": {
                            "check_rate": "300",
                            "confirmations": "0",
                            "contact_id": "0",
                            "custom_header": "",
                            "do_not_find": "false",
                            "final_endpoint": "",
                            "find_string": "",
                            "follow_redirect": "false",
                            "id": "3580802",
                            "logo_image": "",
                            "node_locations.#": "0",
                            "paused": "false",
                            "port": "0",
                            "post_raw": "",
                            "status": "Up",
                            "status_codes": "",
                            "test_id": "3580802",
                            "test_type": "HTTP",
                            "timeout": "40",
                            "trigger_rate": "5",
                            "uptime": "0",
                            "use_jar": "0",
                            "website_name": "hundur-app-production",
                            "website_url": "https://hundur-app-production.herokuapp.com/"
                        },
                        "meta": {},
                        "tainted": false
                    },
                    "deposed": [],
                    "provider": "provider.statuscake"
                },
                "statuscake_test.stage": {
                    "type": "statuscake_test",
                    "depends_on": [
                        "heroku_app.staging"
                    ],
                    "primary": {
                        "id": "3580800",
                        "attributes": {
                            "check_rate": "300",
                            "confirmations": "0",
                            "contact_id": "0",
                            "custom_header": "",
                            "do_not_find": "false",
                            "final_endpoint": "",
                            "find_string": "",
                            "follow_redirect": "false",
                            "id": "3580800",
                            "logo_image": "",
                            "node_locations.#": "0",
                            "paused": "false",
                            "port": "0",
                            "post_raw": "",
                            "status": "Up",
                            "status_codes": "",
                            "test_id": "3580800",
                            "test_type": "HTTP",
                            "timeout": "40",
                            "trigger_rate": "5",
                            "uptime": "0",
                            "use_jar": "0",
                            "website_name": "hundur-app-staging",
                            "website_url": "https://hundur-app-staging.herokuapp.com/"
                        },
                        "meta": {},
                        "tainted": false
                    },
                    "deposed": [],
                    "provider": "provider.statuscake"
                }
            },
            "depends_on": []
        }
    ]
}
